
Microsoft Visual Studio Solution File, Format Version 12.00
# Visual Studio Version 16
VisualStudioVersion = 16.0.30907.101
MinimumVisualStudioVersion = 10.0.40219.1
Project("{9A19103F-16F7-4668-BE54-9A1E7A4F7556}") = "Reversi.Server", "Server\Reversi.Server.csproj", "{68D607F6-4A08-4199-A493-5DEFB7145C4C}"
EndProject
Project("{9A19103F-16F7-4668-BE54-9A1E7A4F7556}") = "Reversi.Client", "Client\Reversi.Client.csproj", "{F48059B5-1D36-4663-B68A-B5945EAD7BBC}"
EndProject
Project("{656346D9-4656-40DA-A068-22D5425D4639}") = "Reversi.Model", "Reversi.Model\Reversi.Model.elements", "{E09A53E1-BD48-4515-9A67-B70B5147A7C5}"
EndProject
Project("{656346D9-4656-40DA-A068-22D5425D4639}") = "TestBoard", "TestBoard\TestBoard.elements", "{00FB2817-8A43-469D-A187-DFB3B81D4755}"
	ProjectSection(ProjectDependencies) = postProject
		{DEB1F07C-3DD6-4799-9AA2-6502612727D8} = {DEB1F07C-3DD6-4799-9AA2-6502612727D8}
	EndProjectSection
EndProject
Project("{656346D9-4656-40DA-A068-22D5425D4639}") = "OrdinaSoft.Base", "..\OxyLib\OrdinaSoft.Base\OrdinaSoft.Base.elements", "{DEB1F07C-3DD6-4799-9AA2-6502612727D8}"
EndProject
Global
	GlobalSection(SolutionConfigurationPlatforms) = preSolution
		Debug|Any CPU = Debug|Any CPU
		Release|Any CPU = Release|Any CPU
	EndGlobalSection
	GlobalSection(ProjectConfigurationPlatforms) = postSolution
		{68D607F6-4A08-4199-A493-5DEFB7145C4C}.Debug|Any CPU.ActiveCfg = Debug|Any CPU
		{68D607F6-4A08-4199-A493-5DEFB7145C4C}.Debug|Any CPU.Build.0 = Debug|Any CPU
		{68D607F6-4A08-4199-A493-5DEFB7145C4C}.Release|Any CPU.ActiveCfg = Release|Any CPU
		{68D607F6-4A08-4199-A493-5DEFB7145C4C}.Release|Any CPU.Build.0 = Release|Any CPU
		{F48059B5-1D36-4663-B68A-B5945EAD7BBC}.Debug|Any CPU.ActiveCfg = Debug|Any CPU
		{F48059B5-1D36-4663-B68A-B5945EAD7BBC}.Debug|Any CPU.Build.0 = Debug|Any CPU
		{F48059B5-1D36-4663-B68A-B5945EAD7BBC}.Release|Any CPU.ActiveCfg = Release|Any CPU
		{F48059B5-1D36-4663-B68A-B5945EAD7BBC}.Release|Any CPU.Build.0 = Release|Any CPU
		{E09A53E1-BD48-4515-9A67-B70B5147A7C5}.Debug|Any CPU.ActiveCfg = Debug
		{E09A53E1-BD48-4515-9A67-B70B5147A7C5}.Debug|Any CPU.Build.0 = Debug
		{E09A53E1-BD48-4515-9A67-B70B5147A7C5}.Debug|Any CPU.Deploy.0 = Debug
		{E09A53E1-BD48-4515-9A67-B70B5147A7C5}.Release|Any CPU.ActiveCfg = Release
		{E09A53E1-BD48-4515-9A67-B70B5147A7C5}.Release|Any CPU.Build.0 = Release
		{00FB2817-8A43-469D-A187-DFB3B81D4755}.Debug|Any CPU.ActiveCfg = Debug
		{00FB2817-8A43-469D-A187-DFB3B81D4755}.Debug|Any CPU.Build.0 = Debug
		{00FB2817-8A43-469D-A187-DFB3B81D4755}.Debug|Any CPU.Deploy.0 = Debug
		{00FB2817-8A43-469D-A187-DFB3B81D4755}.Release|Any CPU.ActiveCfg = Release
		{00FB2817-8A43-469D-A187-DFB3B81D4755}.Release|Any CPU.Build.0 = Release
		{DEB1F07C-3DD6-4799-9AA2-6502612727D8}.Debug|Any CPU.ActiveCfg = Debug
		{DEB1F07C-3DD6-4799-9AA2-6502612727D8}.Debug|Any CPU.Build.0 = Debug
		{DEB1F07C-3DD6-4799-9AA2-6502612727D8}.Release|Any CPU.ActiveCfg = Release
		{DEB1F07C-3DD6-4799-9AA2-6502612727D8}.Release|Any CPU.Build.0 = Release
	EndGlobalSection
	GlobalSection(SolutionProperties) = preSolution
		HideSolutionNode = FALSE
	EndGlobalSection
	GlobalSection(ExtensibilityGlobals) = postSolution
		SolutionGuid = {DF357F56-500C-4668-B6A8-CDF6A2210126}
	EndGlobalSection
EndGlobal
